// !$*UTF8*$!
{
	archiveVersion = 1;
	classes = {
	};
	objectVersion = 73;
	objects = {

/* Begin PBXBuildFile section */
		3E1ECFC52C413FCA00BB6761 /* ContentViewExtension.swift in Sources */ = {isa = PBXBuildFile; fileRef = 3E1ECFC42C413FCA00BB6761 /* ContentViewExtension.swift */; };
		3E746C352C4507B50047EAFB /* SparkleBrushVertex+LowLevelMesh.swift in Sources */ = {isa = PBXBuildFile; fileRef = 3E746C342C4507B50047EAFB /* SparkleBrushVertex+LowLevelMesh.swift */; };
		3E9F18512C3C3E6200766004 /* RealityKitContent in Frameworks */ = {isa = PBXBuildFile; productRef = 3E9F18502C3C3E6200766004 /* RealityKitContent */; };
		3E9F18532C3C3E6200766004 /* FirstTeamAppApp.swift in Sources */ = {isa = PBXBuildFile; fileRef = 3E9F18522C3C3E6200766004 /* FirstTeamAppApp.swift */; };
		3E9F18552C3C3E6200766004 /* ContentView.swift in Sources */ = {isa = PBXBuildFile; fileRef = 3E9F18542C3C3E6200766004 /* ContentView.swift */; };
		3E9F18572C3C3E6200766004 /* DrawingView.swift in Sources */ = {isa = PBXBuildFile; fileRef = 3E9F18562C3C3E6200766004 /* DrawingView.swift */; };
		3E9F18592C3C3E6200766004 /* ImageBasedLighting.skybox in Resources */ = {isa = PBXBuildFile; fileRef = 3E9F18582C3C3E6200766004 /* ImageBasedLighting.skybox */; };
		3E9F185B2C3C3E6300766004 /* Assets.xcassets in Resources */ = {isa = PBXBuildFile; fileRef = 3E9F185A2C3C3E6300766004 /* Assets.xcassets */; };
		3E9F185E2C3C3E6300766004 /* Preview Assets.xcassets in Resources */ = {isa = PBXBuildFile; fileRef = 3E9F185D2C3C3E6300766004 /* Preview Assets.xcassets */; };
		3EFB6E4D2C4069F8001452EC /* DrawingViewExtension.swift in Sources */ = {isa = PBXBuildFile; fileRef = 3EFB6E4C2C4069F8001452EC /* DrawingViewExtension.swift */; };
		3EFB6E4F2C406A52001452EC /* SparkleBrushVertex.metal in Sources */ = {isa = PBXBuildFile; fileRef = 3EFB6E4E2C406A52001452EC /* SparkleBrushVertex.metal */; };
/* End PBXBuildFile section */

/* Begin PBXFileReference section */
		3E1ECFC42C413FCA00BB6761 /* ContentViewExtension.swift */ = {isa = PBXFileReference; lastKnownFileType = sourcecode.swift; path = ContentViewExtension.swift; sourceTree = "<group>"; };
		3E746C342C4507B50047EAFB /* SparkleBrushVertex+LowLevelMesh.swift */ = {isa = PBXFileReference; lastKnownFileType = sourcecode.swift; path = "SparkleBrushVertex+LowLevelMesh.swift"; sourceTree = "<group>"; };
		3E746C362C4509BC0047EAFB /* MetalPacking.h */ = {isa = PBXFileReference; lastKnownFileType = sourcecode.c.h; path = MetalPacking.h; sourceTree = "<group>"; };
		3E746C372C450D300047EAFB /* SolidBrushVertex.h */ = {isa = PBXFileReference; lastKnownFileType = sourcecode.c.h; path = SolidBrushVertex.h; sourceTree = "<group>"; };
		3E9F184B2C3C3E6200766004 /* FirstTeamApp.app */ = {isa = PBXFileReference; explicitFileType = wrapper.application; includeInIndex = 0; path = FirstTeamApp.app; sourceTree = BUILT_PRODUCTS_DIR; };
		3E9F184F2C3C3E6200766004 /* RealityKitContent */ = {isa = PBXFileReference; lastKnownFileType = wrapper; path = RealityKitContent; sourceTree = "<group>"; };
		3E9F18522C3C3E6200766004 /* FirstTeamAppApp.swift */ = {isa = PBXFileReference; lastKnownFileType = sourcecode.swift; path = FirstTeamAppApp.swift; sourceTree = "<group>"; };
		3E9F18542C3C3E6200766004 /* ContentView.swift */ = {isa = PBXFileReference; lastKnownFileType = sourcecode.swift; path = ContentView.swift; sourceTree = "<group>"; };
		3E9F18562C3C3E6200766004 /* DrawingView.swift */ = {isa = PBXFileReference; lastKnownFileType = sourcecode.swift; path = DrawingView.swift; sourceTree = "<group>"; };
		3E9F18582C3C3E6200766004 /* ImageBasedLighting.skybox */ = {isa = PBXFileReference; lastKnownFileType = file.skybox; path = ImageBasedLighting.skybox; sourceTree = "<group>"; };
		3E9F185A2C3C3E6300766004 /* Assets.xcassets */ = {isa = PBXFileReference; lastKnownFileType = folder.assetcatalog; path = Assets.xcassets; sourceTree = "<group>"; };
		3E9F185D2C3C3E6300766004 /* Preview Assets.xcassets */ = {isa = PBXFileReference; lastKnownFileType = folder.assetcatalog; path = "Preview Assets.xcassets"; sourceTree = "<group>"; };
		3E9F185F2C3C3E6300766004 /* Info.plist */ = {isa = PBXFileReference; lastKnownFileType = text.plist.xml; path = Info.plist; sourceTree = "<group>"; };
		3EFB6E4C2C4069F8001452EC /* DrawingViewExtension.swift */ = {isa = PBXFileReference; lastKnownFileType = sourcecode.swift; path = DrawingViewExtension.swift; sourceTree = "<group>"; };
		3EFB6E4E2C406A52001452EC /* SparkleBrushVertex.metal */ = {isa = PBXFileReference; lastKnownFileType = sourcecode.metal; path = SparkleBrushVertex.metal; sourceTree = "<group>"; };
/* End PBXFileReference section */

/* Begin PBXFrameworksBuildPhase section */
		3E9F18482C3C3E6200766004 /* Frameworks */ = {
			isa = PBXFrameworksBuildPhase;
			buildActionMask = 2147483647;
			files = (
				3E9F18512C3C3E6200766004 /* RealityKitContent in Frameworks */,
			);
			runOnlyForDeploymentPostprocessing = 0;
		};
/* End PBXFrameworksBuildPhase section */

/* Begin PBXGroup section */
		3E9F18422C3C3E6200766004 = {
			isa = PBXGroup;
			children = (
				3E9F184D2C3C3E6200766004 /* FirstTeamApp */,
				3E9F184E2C3C3E6200766004 /* Packages */,
				3E9F184C2C3C3E6200766004 /* Products */,
			);
			sourceTree = "<group>";
		};
		3E9F184C2C3C3E6200766004 /* Products */ = {
			isa = PBXGroup;
			children = (
				3E9F184B2C3C3E6200766004 /* FirstTeamApp.app */,
			);
			name = Products;
			sourceTree = "<group>";
		};
		3E9F184D2C3C3E6200766004 /* FirstTeamApp */ = {
			isa = PBXGroup;
			children = (
				3E9F18522C3C3E6200766004 /* FirstTeamAppApp.swift */,
				3E9F18542C3C3E6200766004 /* ContentView.swift */,
				3E1ECFC42C413FCA00BB6761 /* ContentViewExtension.swift */,
				3E9F18562C3C3E6200766004 /* DrawingView.swift */,
				3EFB6E4C2C4069F8001452EC /* DrawingViewExtension.swift */,
				3EFB6E4E2C406A52001452EC /* SparkleBrushVertex.metal */,
				3E746C362C4509BC0047EAFB /* MetalPacking.h */,
				3E746C372C450D300047EAFB /* SolidBrushVertex.h */,
				3E746C342C4507B50047EAFB /* SparkleBrushVertex+LowLevelMesh.swift */,
				3E9F18582C3C3E6200766004 /* ImageBasedLighting.skybox */,
				3E9F185A2C3C3E6300766004 /* Assets.xcassets */,
				3E9F185F2C3C3E6300766004 /* Info.plist */,
				3E9F185C2C3C3E6300766004 /* Preview Content */,
			);
			path = FirstTeamApp;
			sourceTree = "<group>";
		};
		3E9F184E2C3C3E6200766004 /* Packages */ = {
			isa = PBXGroup;
			children = (
				3E9F184F2C3C3E6200766004 /* RealityKitContent */,
			);
			path = Packages;
			sourceTree = "<group>";
		};
		3E9F185C2C3C3E6300766004 /* Preview Content */ = {
			isa = PBXGroup;
			children = (
				3E9F185D2C3C3E6300766004 /* Preview Assets.xcassets */,
			);
			path = "Preview Content";
			sourceTree = "<group>";
		};
/* End PBXGroup section */

/* Begin PBXNativeTarget section */
		3E9F184A2C3C3E6200766004 /* FirstTeamApp */ = {
			isa = PBXNativeTarget;
			buildConfigurationList = 3E9F18622C3C3E6300766004 /* Build configuration list for PBXNativeTarget "FirstTeamApp" */;
			buildPhases = (
				3E9F18472C3C3E6200766004 /* Sources */,
				3E9F18482C3C3E6200766004 /* Frameworks */,
				3E9F18492C3C3E6200766004 /* Resources */,
			);
			buildRules = (
			);
			dependencies = (
			);
			name = FirstTeamApp;
			packageProductDependencies = (
				3E9F18502C3C3E6200766004 /* RealityKitContent */,
			);
			productName = FirstTeamApp;
			productReference = 3E9F184B2C3C3E6200766004 /* FirstTeamApp.app */;
			productType = "com.apple.product-type.application";
		};
/* End PBXNativeTarget section */

/* Begin PBXProject section */
		3E9F18432C3C3E6200766004 /* Project object */ = {
			isa = PBXProject;
			attributes = {
				BuildIndependentTargetsInParallel = 1;
				LastSwiftUpdateCheck = 1540;
				LastUpgradeCheck = 1540;
				TargetAttributes = {
					3E9F184A2C3C3E6200766004 = {
						CreatedOnToolsVersion = 15.4;
					};
				};
			};
			buildConfigurationList = 3E9F18462C3C3E6200766004 /* Build configuration list for PBXProject "FirstTeamApp" */;
			developmentRegion = en;
			hasScannedForEncodings = 0;
			knownRegions = (
				en,
				Base,
			);
			mainGroup = 3E9F18422C3C3E6200766004;
			preferredProjectObjectVersion = 73;
			productRefGroup = 3E9F184C2C3C3E6200766004 /* Products */;
			projectDirPath = "";
			projectRoot = "";
			targets = (
				3E9F184A2C3C3E6200766004 /* FirstTeamApp */,
			);
		};
/* End PBXProject section */

/* Begin PBXResourcesBuildPhase section */
		3E9F18492C3C3E6200766004 /* Resources */ = {
			isa = PBXResourcesBuildPhase;
			buildActionMask = 2147483647;
			files = (
				3E9F185B2C3C3E6300766004 /* Assets.xcassets in Resources */,
				3E9F185E2C3C3E6300766004 /* Preview Assets.xcassets in Resources */,
				3E9F18592C3C3E6200766004 /* ImageBasedLighting.skybox in Resources */,
			);
			runOnlyForDeploymentPostprocessing = 0;
		};
/* End PBXResourcesBuildPhase section */

/* Begin PBXSourcesBuildPhase section */
		3E9F18472C3C3E6200766004 /* Sources */ = {
			isa = PBXSourcesBuildPhase;
			buildActionMask = 2147483647;
			files = (
				3E1ECFC52C413FCA00BB6761 /* ContentViewExtension.swift in Sources */,
				3E746C352C4507B50047EAFB /* SparkleBrushVertex+LowLevelMesh.swift in Sources */,
				3E9F18552C3C3E6200766004 /* ContentView.swift in Sources */,
				3EFB6E4D2C4069F8001452EC /* DrawingViewExtension.swift in Sources */,
				3EFB6E4F2C406A52001452EC /* SparkleBrushVertex.metal in Sources */,
				3E9F18532C3C3E6200766004 /* FirstTeamAppApp.swift in Sources */,
				3E9F18572C3C3E6200766004 /* DrawingView.swift in Sources */,
			);
			runOnlyForDeploymentPostprocessing = 0;
		};
/* End PBXSourcesBuildPhase section */

/* Begin XCBuildConfiguration section */
		3E9F18602C3C3E6300766004 /* Debug */ = {
			isa = XCBuildConfiguration;
			buildSettings = {
				ALWAYS_SEARCH_USER_PATHS = NO;
				ASSETCATALOG_COMPILER_GENERATE_SWIFT_ASSET_SYMBOL_EXTENSIONS = YES;
				CLANG_ANALYZER_NONNULL = YES;
				CLANG_ANALYZER_NUMBER_OBJECT_CONVERSION = YES_AGGRESSIVE;
				CLANG_CXX_LANGUAGE_STANDARD = "gnu++20";
				CLANG_ENABLE_MODULES = YES;
				CLANG_ENABLE_OBJC_ARC = YES;
				CLANG_ENABLE_OBJC_WEAK = YES;
				CLANG_WARN_BLOCK_CAPTURE_AUTORELEASING = YES;
				CLANG_WARN_BOOL_CONVERSION = YES;
				CLANG_WARN_COMMA = YES;
				CLANG_WARN_CONSTANT_CONVERSION = YES;
				CLANG_WARN_DEPRECATED_OBJC_IMPLEMENTATIONS = YES;
				CLANG_WARN_DIRECT_OBJC_ISA_USAGE = YES_ERROR;
				CLANG_WARN_DOCUMENTATION_COMMENTS = YES;
				CLANG_WARN_EMPTY_BODY = YES;
				CLANG_WARN_ENUM_CONVERSION = YES;
				CLANG_WARN_INFINITE_RECURSION = YES;
				CLANG_WARN_INT_CONVERSION = YES;
				CLANG_WARN_NON_LITERAL_NULL_CONVERSION = YES;
				CLANG_WARN_OBJC_IMPLICIT_RETAIN_SELF = YES;
				CLANG_WARN_OBJC_LITERAL_CONVERSION = YES;
				CLANG_WARN_OBJC_ROOT_CLASS = YES_ERROR;
				CLANG_WARN_QUOTED_INCLUDE_IN_FRAMEWORK_HEADER = YES;
				CLANG_WARN_RANGE_LOOP_ANALYSIS = YES;
				CLANG_WARN_STRICT_PROTOTYPES = YES;
				CLANG_WARN_SUSPICIOUS_MOVE = YES;
				CLANG_WARN_UNGUARDED_AVAILABILITY = YES_AGGRESSIVE;
				CLANG_WARN_UNREACHABLE_CODE = YES;
				CLANG_WARN__DUPLICATE_METHOD_MATCH = YES;
				COPY_PHASE_STRIP = NO;
				DEBUG_INFORMATION_FORMAT = dwarf;
				ENABLE_STRICT_OBJC_MSGSEND = YES;
				ENABLE_TESTABILITY = YES;
				ENABLE_USER_SCRIPT_SANDBOXING = YES;
				GCC_C_LANGUAGE_STANDARD = gnu17;
				GCC_DYNAMIC_NO_PIC = NO;
				GCC_NO_COMMON_BLOCKS = YES;
				GCC_OPTIMIZATION_LEVEL = 0;
				GCC_PREPROCESSOR_DEFINITIONS = (
					"DEBUG=1",
					"$(inherited)",
				);
				GCC_WARN_64_TO_32_BIT_CONVERSION = YES;
				GCC_WARN_ABOUT_RETURN_TYPE = YES_ERROR;
				GCC_WARN_UNDECLARED_SELECTOR = YES;
				GCC_WARN_UNINITIALIZED_AUTOS = YES_AGGRESSIVE;
				GCC_WARN_UNUSED_FUNCTION = YES;
				GCC_WARN_UNUSED_VARIABLE = YES;
				LOCALIZATION_PREFERS_STRING_CATALOGS = YES;
				MTL_ENABLE_DEBUG_INFO = INCLUDE_SOURCE;
				MTL_FAST_MATH = YES;
				ONLY_ACTIVE_ARCH = YES;
				SDKROOT = xros;
				SWIFT_ACTIVE_COMPILATION_CONDITIONS = "DEBUG $(inherited)";
				SWIFT_OPTIMIZATION_LEVEL = "-Onone";
				XROS_DEPLOYMENT_TARGET = 1.2;
			};
			name = Debug;
		};
		3E9F18612C3C3E6300766004 /* Release */ = {
			isa = XCBuildConfiguration;
			buildSettings = {
				ALWAYS_SEARCH_USER_PATHS = NO;
				ASSETCATALOG_COMPILER_GENERATE_SWIFT_ASSET_SYMBOL_EXTENSIONS = YES;
				CLANG_ANALYZER_NONNULL = YES;
				CLANG_ANALYZER_NUMBER_OBJECT_CONVERSION = YES_AGGRESSIVE;
				CLANG_CXX_LANGUAGE_STANDARD = "gnu++20";
				CLANG_ENABLE_MODULES = YES;
				CLANG_ENABLE_OBJC_ARC = YES;
				CLANG_ENABLE_OBJC_WEAK = YES;
				CLANG_WARN_BLOCK_CAPTURE_AUTORELEASING = YES;
				CLANG_WARN_BOOL_CONVERSION = YES;
				CLANG_WARN_COMMA = YES;
				CLANG_WARN_CONSTANT_CONVERSION = YES;
				CLANG_WARN_DEPRECATED_OBJC_IMPLEMENTATIONS = YES;
				CLANG_WARN_DIRECT_OBJC_ISA_USAGE = YES_ERROR;
				CLANG_WARN_DOCUMENTATION_COMMENTS = YES;
				CLANG_WARN_EMPTY_BODY = YES;
				CLANG_WARN_ENUM_CONVERSION = YES;
				CLANG_WARN_INFINITE_RECURSION = YES;
				CLANG_WARN_INT_CONVERSION = YES;
				CLANG_WARN_NON_LITERAL_NULL_CONVERSION = YES;
				CLANG_WARN_OBJC_IMPLICIT_RETAIN_SELF = YES;
				CLANG_WARN_OBJC_LITERAL_CONVERSION = YES;
				CLANG_WARN_OBJC_ROOT_CLASS = YES_ERROR;
				CLANG_WARN_QUOTED_INCLUDE_IN_FRAMEWORK_HEADER = YES;
				CLANG_WARN_RANGE_LOOP_ANALYSIS = YES;
				CLANG_WARN_STRICT_PROTOTYPES = YES;
				CLANG_WARN_SUSPICIOUS_MOVE = YES;
				CLANG_WARN_UNGUARDED_AVAILABILITY = YES_AGGRESSIVE;
				CLANG_WARN_UNREACHABLE_CODE = YES;
				CLANG_WARN__DUPLICATE_METHOD_MATCH = YES;
				COPY_PHASE_STRIP = NO;
				DEBUG_INFORMATION_FORMAT = "dwarf-with-dsym";
				ENABLE_NS_ASSERTIONS = NO;
				ENABLE_STRICT_OBJC_MSGSEND = YES;
				ENABLE_USER_SCRIPT_SANDBOXING = YES;
				GCC_C_LANGUAGE_STANDARD = gnu17;
				GCC_NO_COMMON_BLOCKS = YES;
				GCC_WARN_64_TO_32_BIT_CONVERSION = YES;
				GCC_WARN_ABOUT_RETURN_TYPE = YES_ERROR;
				GCC_WARN_UNDECLARED_SELECTOR = YES;
				GCC_WARN_UNINITIALIZED_AUTOS = YES_AGGRESSIVE;
				GCC_WARN_UNUSED_FUNCTION = YES;
				GCC_WARN_UNUSED_VARIABLE = YES;
				LOCALIZATION_PREFERS_STRING_CATALOGS = YES;
				MTL_ENABLE_DEBUG_INFO = NO;
				MTL_FAST_MATH = YES;
				SDKROOT = xros;
				SWIFT_COMPILATION_MODE = wholemodule;
				VALIDATE_PRODUCT = YES;
				XROS_DEPLOYMENT_TARGET = 1.2;
			};
			name = Release;
		};
		3E9F18632C3C3E6300766004 /* Debug */ = {
			isa = XCBuildConfiguration;
			buildSettings = {
				ASSETCATALOG_COMPILER_APPICON_NAME = AppIcon;
				ASSETCATALOG_COMPILER_GLOBAL_ACCENT_COLOR_NAME = AccentColor;
				CODE_SIGN_STYLE = Automatic;
				CURRENT_PROJECT_VERSION = 1;
				DEVELOPMENT_ASSET_PATHS = "\"FirstTeamApp/Preview Content\"";
				DEVELOPMENT_TEAM = WLW428B75Y;
				ENABLE_PREVIEWS = YES;
				GENERATE_INFOPLIST_FILE = YES;
				INFOPLIST_FILE = "$(TARGET_NAME)/Info.plist";
				INFOPLIST_KEY_LSApplicationCategoryType = "";
				LD_RUNPATH_SEARCH_PATHS = (
					"$(inherited)",
					"@executable_path/Frameworks",
				);
				MARKETING_VERSION = 1.0;
				PRODUCT_BUNDLE_IDENTIFIER = com.Dave.FirstTeamApp;
				PRODUCT_NAME = "$(TARGET_NAME)";
				SUPPORTED_PLATFORMS = "xros xrsimulator";
				SWIFT_EMIT_LOC_STRINGS = YES;
				SWIFT_VERSION = 5.0;
				TARGETED_DEVICE_FAMILY = "1,2,7";
				XROS_DEPLOYMENT_TARGET = 2.0;
			};
			name = Debug;
		};
		3E9F18642C3C3E6300766004 /* Release */ = {
			isa = XCBuildConfiguration;
			buildSettings = {
				ASSETCATALOG_COMPILER_APPICON_NAME = AppIcon;
				ASSETCATALOG_COMPILER_GLOBAL_ACCENT_COLOR_NAME = AccentColor;
				CODE_SIGN_STYLE = Automatic;
				CURRENT_PROJECT_VERSION = 1;
				DEVELOPMENT_ASSET_PATHS = "\"FirstTeamApp/Preview Content\"";
				DEVELOPMENT_TEAM = WLW428B75Y;
				ENABLE_PREVIEWS = YES;
				GENERATE_INFOPLIST_FILE = YES;
				INFOPLIST_FILE = "$(TARGET_NAME)/Info.plist";
				INFOPLIST_KEY_LSApplicationCategoryType = "";
				LD_RUNPATH_SEARCH_PATHS = (
					"$(inherited)",
					"@executable_path/Frameworks",
				);
				MARKETING_VERSION = 1.0;
				PRODUCT_BUNDLE_IDENTIFIER = com.Dave.FirstTeamApp;
				PRODUCT_NAME = "$(TARGET_NAME)";
				SUPPORTED_PLATFORMS = "xros xrsimulator";
				SWIFT_EMIT_LOC_STRINGS = YES;
				SWIFT_VERSION = 5.0;
				TARGETED_DEVICE_FAMILY = "1,2,7";
				XROS_DEPLOYMENT_TARGET = 2.0;
			};
			name = Release;
		};
/* End XCBuildConfiguration section */

/* Begin XCConfigurationList section */
		3E9F18462C3C3E6200766004 /* Build configuration list for PBXProject "FirstTeamApp" */ = {
			isa = XCConfigurationList;
			buildConfigurations = (
				3E9F18602C3C3E6300766004 /* Debug */,
				3E9F18612C3C3E6300766004 /* Release */,
			);
			defaultConfigurationIsVisible = 0;
			defaultConfigurationName = Release;
		};
		3E9F18622C3C3E6300766004 /* Build configuration list for PBXNativeTarget "FirstTeamApp" */ = {
			isa = XCConfigurationList;
			buildConfigurations = (
				3E9F18632C3C3E6300766004 /* Debug */,
				3E9F18642C3C3E6300766004 /* Release */,
			);
			defaultConfigurationIsVisible = 0;
			defaultConfigurationName = Release;
		};
/* End XCConfigurationList section */

/* Begin XCSwiftPackageProductDependency section */
		3E9F18502C3C3E6200766004 /* RealityKitContent */ = {
			isa = XCSwiftPackageProductDependency;
			productName = RealityKitContent;
		};
/* End XCSwiftPackageProductDependency section */
	};
	rootObject = 3E9F18432C3C3E6200766004 /* Project object */;
}
