// !$*UTF8*$!
{
	archiveVersion = 1;
	classes = {
	};
	objectVersion = 73;
	objects = {

/* Begin PBXBuildFile section */
		3E0317BB2C47BE74006D2E16 /* CurveProcessing.swift in Sources */ = {isa = PBXBuildFile; fileRef = 3E0317BA2C47BE74006D2E16 /* CurveProcessing.swift */; };
		3E0317C02C47C1A3006D2E16 /* Algorithms in Frameworks */ = {isa = PBXBuildFile; productRef = 3E0317BF2C47C1A3006D2E16 /* Algorithms */; };
		3E0317C32C47C1AF006D2E16 /* ComplexModule in Frameworks */ = {isa = PBXBuildFile; productRef = 3E0317C22C47C1AF006D2E16 /* ComplexModule */; };
		3E0317C52C47C1AF006D2E16 /* Numerics in Frameworks */ = {isa = PBXBuildFile; productRef = 3E0317C42C47C1AF006D2E16 /* Numerics */; };
		3E0317C72C47C1AF006D2E16 /* RealModule in Frameworks */ = {isa = PBXBuildFile; productRef = 3E0317C62C47C1AF006D2E16 /* RealModule */; };
		3E0317C92C47C496006D2E16 /* CurveExtruderWithEndcaps.swift in Sources */ = {isa = PBXBuildFile; fileRef = 3E0317C82C47C496006D2E16 /* CurveExtruderWithEndcaps.swift */; };
		3E0317CB2C47C86A006D2E16 /* SolidBrushVertex+LowLevelMesh.swift in Sources */ = {isa = PBXBuildFile; fileRef = 3E0317CA2C47C86A006D2E16 /* SolidBrushVertex+LowLevelMesh.swift */; };
		3E53BAAE2C4FA11100EC4135 /* DrawingCanvasVisualizationView.swift in Sources */ = {isa = PBXBuildFile; fileRef = 3E53BAAD2C4FA11100EC4135 /* DrawingCanvasVisualizationView.swift */; };
		3E53BAB02C4FA12E00EC4135 /* DrawingCanvasPlacementView.swift in Sources */ = {isa = PBXBuildFile; fileRef = 3E53BAAF2C4FA12E00EC4135 /* DrawingCanvasPlacementView.swift */; };
		3E53BAB22C4FA14C00EC4135 /* DrawingCanvasConfigurationView.swift in Sources */ = {isa = PBXBuildFile; fileRef = 3E53BAB12C4FA14C00EC4135 /* DrawingCanvasConfigurationView.swift */; };
		3E53BAB42C4FA16000EC4135 /* DrawingCanvas.swift in Sources */ = {isa = PBXBuildFile; fileRef = 3E53BAB32C4FA16000EC4135 /* DrawingCanvas.swift */; };
		3E53BAC42C4FAB4F00EC4135 /* DrawingDocument.swift in Sources */ = {isa = PBXBuildFile; fileRef = 3E53BAC32C4FAB4F00EC4135 /* DrawingDocument.swift */; };
		3E53BAC62C4FAB6400EC4135 /* DrawingSource.swift in Sources */ = {isa = PBXBuildFile; fileRef = 3E53BAC52C4FAB6400EC4135 /* DrawingSource.swift */; };
		3E53BAC82C4FAB7800EC4135 /* AnchorEntityInputProvider.swift in Sources */ = {isa = PBXBuildFile; fileRef = 3E53BAC72C4FAB7800EC4135 /* AnchorEntityInputProvider.swift */; };
		3E53BAD32C4FAC5E00EC4135 /* PreviewBrushView.swift in Sources */ = {isa = PBXBuildFile; fileRef = 3E53BACB2C4FAC5E00EC4135 /* PreviewBrushView.swift */; };
		3E53BAD42C4FAC5E00EC4135 /* DrawingMeshView.swift in Sources */ = {isa = PBXBuildFile; fileRef = 3E53BAD12C4FAC5E00EC4135 /* DrawingMeshView.swift */; };
		3E53BAD52C4FAC5E00EC4135 /* BrushState.swift in Sources */ = {isa = PBXBuildFile; fileRef = 3E53BAD02C4FAC5E00EC4135 /* BrushState.swift */; };
		3E53BAD62C4FAC5E00EC4135 /* PreviewBrushStroke.swift in Sources */ = {isa = PBXBuildFile; fileRef = 3E53BACA2C4FAC5E00EC4135 /* PreviewBrushStroke.swift */; };
		3E53BAD72C4FAC5E00EC4135 /* PaletteView.swift in Sources */ = {isa = PBXBuildFile; fileRef = 3E53BACE2C4FAC5E00EC4135 /* PaletteView.swift */; };
		3E53BAD82C4FAC5E00EC4135 /* BrushTypeView.swift in Sources */ = {isa = PBXBuildFile; fileRef = 3E53BACD2C4FAC5E00EC4135 /* BrushTypeView.swift */; };
		3E746C4D2C465EF30047EAFB /* SparkleDrawingMeshGenerator.swift in Sources */ = {isa = PBXBuildFile; fileRef = 3E746C4C2C465EF30047EAFB /* SparkleDrawingMeshGenerator.swift */; };
		3E746C502C465F490047EAFB /* BitCollections in Frameworks */ = {isa = PBXBuildFile; productRef = 3E746C4F2C465F490047EAFB /* BitCollections */; };
		3E746C522C465F490047EAFB /* Collections in Frameworks */ = {isa = PBXBuildFile; productRef = 3E746C512C465F490047EAFB /* Collections */; };
		3E746C542C465F490047EAFB /* DequeModule in Frameworks */ = {isa = PBXBuildFile; productRef = 3E746C532C465F490047EAFB /* DequeModule */; };
		3E746C562C465F490047EAFB /* HashTreeCollections in Frameworks */ = {isa = PBXBuildFile; productRef = 3E746C552C465F490047EAFB /* HashTreeCollections */; };
		3E746C582C465F490047EAFB /* HeapModule in Frameworks */ = {isa = PBXBuildFile; productRef = 3E746C572C465F490047EAFB /* HeapModule */; };
		3E746C5A2C4660230047EAFB /* MetalUtilities.swift in Sources */ = {isa = PBXBuildFile; fileRef = 3E746C592C4660230047EAFB /* MetalUtilities.swift */; };
		3E746C5D2C46660C0047EAFB /* SolidBrushCurvePoint.swift in Sources */ = {isa = PBXBuildFile; fileRef = 3E746C5C2C46660C0047EAFB /* SolidBrushCurvePoint.swift */; };
		3E746C602C466B5A0047EAFB /* CurveSample.swift in Sources */ = {isa = PBXBuildFile; fileRef = 3E746C5F2C466B5A0047EAFB /* CurveSample.swift */; };
		3E746C622C466F860047EAFB /* SmoothCurveSampler.swift in Sources */ = {isa = PBXBuildFile; fileRef = 3E746C612C466F860047EAFB /* SmoothCurveSampler.swift */; };
		3E746C642C46705F0047EAFB /* SolidBrushStyleProvider.swift in Sources */ = {isa = PBXBuildFile; fileRef = 3E746C632C46705F0047EAFB /* SolidBrushStyleProvider.swift */; };
		3E8DBC9F2C47AEB100C54F1A /* SparkleBrushComponent.swift in Sources */ = {isa = PBXBuildFile; fileRef = 3E8DBC9E2C47AEB100C54F1A /* SparkleBrushComponent.swift */; };
		3E8DBCA32C47B14E00C54F1A /* SparkleBrushCurvePoint.swift in Sources */ = {isa = PBXBuildFile; fileRef = 3E8DBCA22C47B14E00C54F1A /* SparkleBrushCurvePoint.swift */; };
		3E8DBCA52C47B1A300C54F1A /* SparkleBrushStyleProvider.swift in Sources */ = {isa = PBXBuildFile; fileRef = 3E8DBCA42C47B1A300C54F1A /* SparkleBrushStyleProvider.swift */; };
		3E8DBCA72C47B21F00C54F1A /* SparkleDrawingMeshGenerator+LowLevelMesh.swift in Sources */ = {isa = PBXBuildFile; fileRef = 3E8DBCA62C47B21F00C54F1A /* SparkleDrawingMeshGenerator+LowLevelMesh.swift */; };
		3E8DBCAB2C47B39300C54F1A /* SparkleDrawingMeshGenerator+Simulation.swift in Sources */ = {isa = PBXBuildFile; fileRef = 3E8DBCAA2C47B39300C54F1A /* SparkleDrawingMeshGenerator+Simulation.swift */; };
		3E8DBCAD2C47B51600C54F1A /* SolidBrushComponent.swift in Sources */ = {isa = PBXBuildFile; fileRef = 3E8DBCAC2C47B51600C54F1A /* SolidBrushComponent.swift */; };
		3E8DBCAF2C47B53200C54F1A /* SolidDrawingMeshGenerator.swift in Sources */ = {isa = PBXBuildFile; fileRef = 3E8DBCAE2C47B53200C54F1A /* SolidDrawingMeshGenerator.swift */; };
		3E8DBCB12C47B54C00C54F1A /* CurveExtruder.swift in Sources */ = {isa = PBXBuildFile; fileRef = 3E8DBCB02C47B54C00C54F1A /* CurveExtruder.swift */; };
		3E9F18512C3C3E6200766004 /* RealityKitContent in Frameworks */ = {isa = PBXBuildFile; productRef = 3E9F18502C3C3E6200766004 /* RealityKitContent */; };
		3E9F18532C3C3E6200766004 /* FirstTeamAppApp.swift in Sources */ = {isa = PBXBuildFile; fileRef = 3E9F18522C3C3E6200766004 /* FirstTeamAppApp.swift */; };
		3E9F185B2C3C3E6300766004 /* Assets.xcassets in Resources */ = {isa = PBXBuildFile; fileRef = 3E9F185A2C3C3E6300766004 /* Assets.xcassets */; };
		3E9F185E2C3C3E6300766004 /* Preview Assets.xcassets in Resources */ = {isa = PBXBuildFile; fileRef = 3E9F185D2C3C3E6300766004 /* Preview Assets.xcassets */; };
		3EE8A87D2C513BA600599BC7 /* RealityKitContent in Resources */ = {isa = PBXBuildFile; fileRef = 3EE8A87B2C513BA600599BC7 /* RealityKitContent */; };
		E3CAFFE32C453864000624DE /* MathUtilities.swift in Sources */ = {isa = PBXBuildFile; fileRef = E3CAFFE12C453864000624DE /* MathUtilities.swift */; };
		E3CAFFEB2C453880000624DE /* DashboardView.swift in Sources */ = {isa = PBXBuildFile; fileRef = E3CAFFE72C453880000624DE /* DashboardView.swift */; };
		E3CAFFFA2C4554AA000624DE /* SparkleBrushVertex+LowLevelMesh.swift in Sources */ = {isa = PBXBuildFile; fileRef = E3CAFFF82C4554AA000624DE /* SparkleBrushVertex+LowLevelMesh.swift */; };
		E3CAFFFB2C4554AA000624DE /* SparkleBrushSimulation.metal in Sources */ = {isa = PBXBuildFile; fileRef = E3CAFFF62C4554AA000624DE /* SparkleBrushSimulation.metal */; };
/* End PBXBuildFile section */

/* Begin PBXFileReference section */
		3E0317BA2C47BE74006D2E16 /* CurveProcessing.swift */ = {isa = PBXFileReference; lastKnownFileType = sourcecode.swift; path = CurveProcessing.swift; sourceTree = "<group>"; };
		3E0317C82C47C496006D2E16 /* CurveExtruderWithEndcaps.swift */ = {isa = PBXFileReference; lastKnownFileType = sourcecode.swift; path = CurveExtruderWithEndcaps.swift; sourceTree = "<group>"; };
		3E0317CA2C47C86A006D2E16 /* SolidBrushVertex+LowLevelMesh.swift */ = {isa = PBXFileReference; lastKnownFileType = sourcecode.swift; path = "SolidBrushVertex+LowLevelMesh.swift"; sourceTree = "<group>"; };
		3E53BAAD2C4FA11100EC4135 /* DrawingCanvasVisualizationView.swift */ = {isa = PBXFileReference; lastKnownFileType = sourcecode.swift; path = DrawingCanvasVisualizationView.swift; sourceTree = "<group>"; };
		3E53BAAF2C4FA12E00EC4135 /* DrawingCanvasPlacementView.swift */ = {isa = PBXFileReference; lastKnownFileType = sourcecode.swift; path = DrawingCanvasPlacementView.swift; sourceTree = "<group>"; };
		3E53BAB12C4FA14C00EC4135 /* DrawingCanvasConfigurationView.swift */ = {isa = PBXFileReference; lastKnownFileType = sourcecode.swift; path = DrawingCanvasConfigurationView.swift; sourceTree = "<group>"; };
		3E53BAB32C4FA16000EC4135 /* DrawingCanvas.swift */ = {isa = PBXFileReference; lastKnownFileType = sourcecode.swift; path = DrawingCanvas.swift; sourceTree = "<group>"; };
		3E53BAC32C4FAB4F00EC4135 /* DrawingDocument.swift */ = {isa = PBXFileReference; lastKnownFileType = sourcecode.swift; path = DrawingDocument.swift; sourceTree = "<group>"; };
		3E53BAC52C4FAB6400EC4135 /* DrawingSource.swift */ = {isa = PBXFileReference; lastKnownFileType = sourcecode.swift; path = DrawingSource.swift; sourceTree = "<group>"; };
		3E53BAC72C4FAB7800EC4135 /* AnchorEntityInputProvider.swift */ = {isa = PBXFileReference; lastKnownFileType = sourcecode.swift; path = AnchorEntityInputProvider.swift; sourceTree = "<group>"; };
		3E53BACA2C4FAC5E00EC4135 /* PreviewBrushStroke.swift */ = {isa = PBXFileReference; lastKnownFileType = sourcecode.swift; path = PreviewBrushStroke.swift; sourceTree = "<group>"; };
		3E53BACB2C4FAC5E00EC4135 /* PreviewBrushView.swift */ = {isa = PBXFileReference; lastKnownFileType = sourcecode.swift; path = PreviewBrushView.swift; sourceTree = "<group>"; };
		3E53BACD2C4FAC5E00EC4135 /* BrushTypeView.swift */ = {isa = PBXFileReference; lastKnownFileType = sourcecode.swift; path = BrushTypeView.swift; sourceTree = "<group>"; };
		3E53BACE2C4FAC5E00EC4135 /* PaletteView.swift */ = {isa = PBXFileReference; lastKnownFileType = sourcecode.swift; path = PaletteView.swift; sourceTree = "<group>"; };
		3E53BAD02C4FAC5E00EC4135 /* BrushState.swift */ = {isa = PBXFileReference; lastKnownFileType = sourcecode.swift; path = BrushState.swift; sourceTree = "<group>"; };
		3E53BAD12C4FAC5E00EC4135 /* DrawingMeshView.swift */ = {isa = PBXFileReference; lastKnownFileType = sourcecode.swift; path = DrawingMeshView.swift; sourceTree = "<group>"; };
		3E746C4C2C465EF30047EAFB /* SparkleDrawingMeshGenerator.swift */ = {isa = PBXFileReference; lastKnownFileType = sourcecode.swift; path = SparkleDrawingMeshGenerator.swift; sourceTree = "<group>"; };
		3E746C592C4660230047EAFB /* MetalUtilities.swift */ = {isa = PBXFileReference; lastKnownFileType = sourcecode.swift; path = MetalUtilities.swift; sourceTree = "<group>"; };
		3E746C5C2C46660C0047EAFB /* SolidBrushCurvePoint.swift */ = {isa = PBXFileReference; lastKnownFileType = sourcecode.swift; path = SolidBrushCurvePoint.swift; sourceTree = "<group>"; };
		3E746C5F2C466B5A0047EAFB /* CurveSample.swift */ = {isa = PBXFileReference; lastKnownFileType = sourcecode.swift; path = CurveSample.swift; sourceTree = "<group>"; };
		3E746C612C466F860047EAFB /* SmoothCurveSampler.swift */ = {isa = PBXFileReference; lastKnownFileType = sourcecode.swift; path = SmoothCurveSampler.swift; sourceTree = "<group>"; };
		3E746C632C46705F0047EAFB /* SolidBrushStyleProvider.swift */ = {isa = PBXFileReference; lastKnownFileType = sourcecode.swift; path = SolidBrushStyleProvider.swift; sourceTree = "<group>"; };
		3E8DBC9E2C47AEB100C54F1A /* SparkleBrushComponent.swift */ = {isa = PBXFileReference; lastKnownFileType = sourcecode.swift; path = SparkleBrushComponent.swift; sourceTree = "<group>"; };
		3E8DBCA22C47B14E00C54F1A /* SparkleBrushCurvePoint.swift */ = {isa = PBXFileReference; lastKnownFileType = sourcecode.swift; path = SparkleBrushCurvePoint.swift; sourceTree = "<group>"; };
		3E8DBCA42C47B1A300C54F1A /* SparkleBrushStyleProvider.swift */ = {isa = PBXFileReference; lastKnownFileType = sourcecode.swift; path = SparkleBrushStyleProvider.swift; sourceTree = "<group>"; };
		3E8DBCA62C47B21F00C54F1A /* SparkleDrawingMeshGenerator+LowLevelMesh.swift */ = {isa = PBXFileReference; lastKnownFileType = sourcecode.swift; path = "SparkleDrawingMeshGenerator+LowLevelMesh.swift"; sourceTree = "<group>"; };
		3E8DBCAA2C47B39300C54F1A /* SparkleDrawingMeshGenerator+Simulation.swift */ = {isa = PBXFileReference; lastKnownFileType = sourcecode.swift; path = "SparkleDrawingMeshGenerator+Simulation.swift"; sourceTree = "<group>"; };
		3E8DBCAC2C47B51600C54F1A /* SolidBrushComponent.swift */ = {isa = PBXFileReference; lastKnownFileType = sourcecode.swift; path = SolidBrushComponent.swift; sourceTree = "<group>"; };
		3E8DBCAE2C47B53200C54F1A /* SolidDrawingMeshGenerator.swift */ = {isa = PBXFileReference; lastKnownFileType = sourcecode.swift; path = SolidDrawingMeshGenerator.swift; sourceTree = "<group>"; };
		3E8DBCB02C47B54C00C54F1A /* CurveExtruder.swift */ = {isa = PBXFileReference; lastKnownFileType = sourcecode.swift; path = CurveExtruder.swift; sourceTree = "<group>"; };
		3E8DBCB22C47BA7400C54F1A /* BridgingHeader.h */ = {isa = PBXFileReference; lastKnownFileType = sourcecode.c.h; path = BridgingHeader.h; sourceTree = "<group>"; };
		3E9F18522C3C3E6200766004 /* FirstTeamAppApp.swift */ = {isa = PBXFileReference; lastKnownFileType = sourcecode.swift; path = FirstTeamAppApp.swift; sourceTree = "<group>"; };
		3E9F185A2C3C3E6300766004 /* Assets.xcassets */ = {isa = PBXFileReference; lastKnownFileType = folder.assetcatalog; path = Assets.xcassets; sourceTree = "<group>"; };
		3E9F185D2C3C3E6300766004 /* Preview Assets.xcassets */ = {isa = PBXFileReference; lastKnownFileType = folder.assetcatalog; path = "Preview Assets.xcassets"; sourceTree = "<group>"; };
		3E9F185F2C3C3E6300766004 /* Info.plist */ = {isa = PBXFileReference; lastKnownFileType = text.plist.xml; path = Info.plist; sourceTree = "<group>"; };
		3EE8A87B2C513BA600599BC7 /* RealityKitContent */ = {isa = PBXFileReference; lastKnownFileType = wrapper; path = RealityKitContent; sourceTree = "<group>"; };
		E3CAFFE12C453864000624DE /* MathUtilities.swift */ = {isa = PBXFileReference; lastKnownFileType = sourcecode.swift; path = MathUtilities.swift; sourceTree = "<group>"; };
		E3CAFFE72C453880000624DE /* DashboardView.swift */ = {isa = PBXFileReference; lastKnownFileType = sourcecode.swift; path = DashboardView.swift; sourceTree = "<group>"; };
		E3CAFFF42C4554AA000624DE /* MetalPacking.h */ = {isa = PBXFileReference; lastKnownFileType = sourcecode.c.h; path = MetalPacking.h; sourceTree = "<group>"; };
		E3CAFFF52C4554AA000624DE /* SolidBrushVertex.h */ = {isa = PBXFileReference; lastKnownFileType = sourcecode.c.h; path = SolidBrushVertex.h; sourceTree = "<group>"; };
		E3CAFFF62C4554AA000624DE /* SparkleBrushSimulation.metal */ = {isa = PBXFileReference; lastKnownFileType = sourcecode.metal; path = SparkleBrushSimulation.metal; sourceTree = "<group>"; };
		E3CAFFF72C4554AA000624DE /* SparkleBrushVertex.h */ = {isa = PBXFileReference; lastKnownFileType = sourcecode.c.h; path = SparkleBrushVertex.h; sourceTree = "<group>"; };
		E3CAFFF82C4554AA000624DE /* SparkleBrushVertex+LowLevelMesh.swift */ = {isa = PBXFileReference; lastKnownFileType = sourcecode.swift; path = "SparkleBrushVertex+LowLevelMesh.swift"; sourceTree = "<group>"; };
		E3DDD4022C51335900803DC5 /* FirstTeamApp.app */ = {isa = PBXFileReference; explicitFileType = wrapper.application; includeInIndex = 0; path = FirstTeamApp.app; sourceTree = BUILT_PRODUCTS_DIR; };
/* End PBXFileReference section */

/* Begin PBXFrameworksBuildPhase section */
		3E9F18482C3C3E6200766004 /* Frameworks */ = {
			isa = PBXFrameworksBuildPhase;
			buildActionMask = 2147483647;
			files = (
				3E746C562C465F490047EAFB /* HashTreeCollections in Frameworks */,
				3E0317C52C47C1AF006D2E16 /* Numerics in Frameworks */,
				3E0317C02C47C1A3006D2E16 /* Algorithms in Frameworks */,
				3E746C522C465F490047EAFB /* Collections in Frameworks */,
				3E0317C32C47C1AF006D2E16 /* ComplexModule in Frameworks */,
				3E746C542C465F490047EAFB /* DequeModule in Frameworks */,
				3E746C502C465F490047EAFB /* BitCollections in Frameworks */,
				3E746C582C465F490047EAFB /* HeapModule in Frameworks */,
				3E0317C72C47C1AF006D2E16 /* RealModule in Frameworks */,
				3E9F18512C3C3E6200766004 /* RealityKitContent in Frameworks */,
			);
			runOnlyForDeploymentPostprocessing = 0;
		};
/* End PBXFrameworksBuildPhase section */

/* Begin PBXGroup section */
		3E0317B82C47BD21006D2E16 /* Style */ = {
			isa = PBXGroup;
			children = (
				3E8DBCA22C47B14E00C54F1A /* SparkleBrushCurvePoint.swift */,
				3E8DBCA42C47B1A300C54F1A /* SparkleBrushStyleProvider.swift */,
			);
			path = Style;
			sourceTree = "<group>";
		};
		3E0317B92C47BD38006D2E16 /* Solid */ = {
			isa = PBXGroup;
			children = (
				3E0317CC2C47D551006D2E16 /* CurveProcessing */,
				3E0317CD2C47D59D006D2E16 /* Style */,
				3E0317CA2C47C86A006D2E16 /* SolidBrushVertex+LowLevelMesh.swift */,
				E3CAFFF52C4554AA000624DE /* SolidBrushVertex.h */,
				3E8DBCAC2C47B51600C54F1A /* SolidBrushComponent.swift */,
				3E8DBCAE2C47B53200C54F1A /* SolidDrawingMeshGenerator.swift */,
				3E8DBCB02C47B54C00C54F1A /* CurveExtruder.swift */,
				3E0317C82C47C496006D2E16 /* CurveExtruderWithEndcaps.swift */,
			);
			path = Solid;
			sourceTree = "<group>";
		};
		3E0317CC2C47D551006D2E16 /* CurveProcessing */ = {
			isa = PBXGroup;
			children = (
				3E746C5F2C466B5A0047EAFB /* CurveSample.swift */,
				3E746C612C466F860047EAFB /* SmoothCurveSampler.swift */,
			);
			path = CurveProcessing;
			sourceTree = "<group>";
		};
		3E0317CD2C47D59D006D2E16 /* Style */ = {
			isa = PBXGroup;
			children = (
				3E746C5C2C46660C0047EAFB /* SolidBrushCurvePoint.swift */,
				3E746C632C46705F0047EAFB /* SolidBrushStyleProvider.swift */,
			);
			path = Style;
			sourceTree = "<group>";
		};
		3E53BAB52C4FA95600EC4135 /* Canvas */ = {
			isa = PBXGroup;
			children = (
				3E53BAAD2C4FA11100EC4135 /* DrawingCanvasVisualizationView.swift */,
				3E53BAAF2C4FA12E00EC4135 /* DrawingCanvasPlacementView.swift */,
				3E53BAB12C4FA14C00EC4135 /* DrawingCanvasConfigurationView.swift */,
				3E53BAB32C4FA16000EC4135 /* DrawingCanvas.swift */,
			);
			path = Canvas;
			sourceTree = "<group>";
		};
		3E53BAC92C4FAB9200EC4135 /* SupportElements */ = {
			isa = PBXGroup;
			children = (
				3E53BAC32C4FAB4F00EC4135 /* DrawingDocument.swift */,
				3E53BAC52C4FAB6400EC4135 /* DrawingSource.swift */,
				3E53BAC72C4FAB7800EC4135 /* AnchorEntityInputProvider.swift */,
			);
			path = SupportElements;
			sourceTree = "<group>";
		};
		3E53BACC2C4FAC5E00EC4135 /* Preview */ = {
			isa = PBXGroup;
			children = (
				3E53BACA2C4FAC5E00EC4135 /* PreviewBrushStroke.swift */,
				3E53BACB2C4FAC5E00EC4135 /* PreviewBrushView.swift */,
			);
			path = Preview;
			sourceTree = "<group>";
		};
		3E53BACF2C4FAC5E00EC4135 /* Palette */ = {
			isa = PBXGroup;
			children = (
				3E53BACC2C4FAC5E00EC4135 /* Preview */,
				3E53BACD2C4FAC5E00EC4135 /* BrushTypeView.swift */,
				3E53BACE2C4FAC5E00EC4135 /* PaletteView.swift */,
			);
			path = Palette;
			sourceTree = "<group>";
		};
		3E53BAD22C4FAC5E00EC4135 /* UI */ = {
			isa = PBXGroup;
			children = (
				3E53BACF2C4FAC5E00EC4135 /* Palette */,
				3E53BAD02C4FAC5E00EC4135 /* BrushState.swift */,
				E3CAFFE72C453880000624DE /* DashboardView.swift */,
				3E53BAD12C4FAC5E00EC4135 /* DrawingMeshView.swift */,
			);
			path = UI;
			sourceTree = "<group>";
		};
		3E746C4B2C465EBF0047EAFB /* Sparkle */ = {
			isa = PBXGroup;
			children = (
				3E0317B82C47BD21006D2E16 /* Style */,
				3E8DBC9E2C47AEB100C54F1A /* SparkleBrushComponent.swift */,
				E3CAFFF82C4554AA000624DE /* SparkleBrushVertex+LowLevelMesh.swift */,
				E3CAFFF62C4554AA000624DE /* SparkleBrushSimulation.metal */,
				E3CAFFF72C4554AA000624DE /* SparkleBrushVertex.h */,
				3E746C4C2C465EF30047EAFB /* SparkleDrawingMeshGenerator.swift */,
				3E8DBCA62C47B21F00C54F1A /* SparkleDrawingMeshGenerator+LowLevelMesh.swift */,
				3E8DBCAA2C47B39300C54F1A /* SparkleDrawingMeshGenerator+Simulation.swift */,
			);
			path = Sparkle;
			sourceTree = "<group>";
		};
		3E9F18422C3C3E6200766004 = {
			isa = PBXGroup;
			children = (
				3E9F184D2C3C3E6200766004 /* FirstTeamApp */,
			);
			sourceTree = "<group>";
		};
		3E9F184D2C3C3E6200766004 /* FirstTeamApp */ = {
			isa = PBXGroup;
			children = (
				3E9F18522C3C3E6200766004 /* FirstTeamAppApp.swift */,
				3E53BAD22C4FAC5E00EC4135 /* UI */,
				3E53BAC92C4FAB9200EC4135 /* SupportElements */,
				3E53BAB52C4FA95600EC4135 /* Canvas */,
				E3CAFFF92C4554AA000624DE /* Brush */,
				E3CAFFE22C453864000624DE /* Utilities */,
				3E8DBCB22C47BA7400C54F1A /* BridgingHeader.h */,
				3E9F185A2C3C3E6300766004 /* Assets.xcassets */,
				3E9F185F2C3C3E6300766004 /* Info.plist */,
				3EE8A87C2C513BA600599BC7 /* Packages */,
				3E9F185C2C3C3E6300766004 /* Preview Content */,
			);
			path = FirstTeamApp;
			sourceTree = "<group>";
		};
		3E9F185C2C3C3E6300766004 /* Preview Content */ = {
			isa = PBXGroup;
			children = (
				3E9F185D2C3C3E6300766004 /* Preview Assets.xcassets */,
			);
			path = "Preview Content";
			sourceTree = "<group>";
		};
		3EE8A87C2C513BA600599BC7 /* Packages */ = {
			isa = PBXGroup;
			children = (
				3EE8A87B2C513BA600599BC7 /* RealityKitContent */,
				E3DDD4022C51335900803DC5 /* FirstTeamApp.app */,
			);
			path = Packages;
			sourceTree = "<group>";
		};
		E3CAFFE22C453864000624DE /* Utilities */ = {
			isa = PBXGroup;
			children = (
				E3CAFFF42C4554AA000624DE /* MetalPacking.h */,
				3E0317BA2C47BE74006D2E16 /* CurveProcessing.swift */,
				3E746C592C4660230047EAFB /* MetalUtilities.swift */,
				E3CAFFE12C453864000624DE /* MathUtilities.swift */,
			);
			path = Utilities;
			sourceTree = "<group>";
		};
		E3CAFFF92C4554AA000624DE /* Brush */ = {
			isa = PBXGroup;
			children = (
				3E746C4B2C465EBF0047EAFB /* Sparkle */,
				3E0317B92C47BD38006D2E16 /* Solid */,
			);
			path = Brush;
			sourceTree = "<group>";
		};
/* End PBXGroup section */

/* Begin PBXNativeTarget section */
		3E9F184A2C3C3E6200766004 /* FirstTeamApp */ = {
			isa = PBXNativeTarget;
			buildConfigurationList = 3E9F18622C3C3E6300766004 /* Build configuration list for PBXNativeTarget "FirstTeamApp" */;
			buildPhases = (
				3E9F18472C3C3E6200766004 /* Sources */,
				3E9F18482C3C3E6200766004 /* Frameworks */,
				3E9F18492C3C3E6200766004 /* Resources */,
			);
			buildRules = (
			);
			dependencies = (
			);
			name = FirstTeamApp;
			packageProductDependencies = (
				3E9F18502C3C3E6200766004 /* RealityKitContent */,
				3E746C4F2C465F490047EAFB /* BitCollections */,
				3E746C512C465F490047EAFB /* Collections */,
				3E746C532C465F490047EAFB /* DequeModule */,
				3E746C552C465F490047EAFB /* HashTreeCollections */,
				3E746C572C465F490047EAFB /* HeapModule */,
				3E0317BF2C47C1A3006D2E16 /* Algorithms */,
				3E0317C22C47C1AF006D2E16 /* ComplexModule */,
				3E0317C42C47C1AF006D2E16 /* Numerics */,
				3E0317C62C47C1AF006D2E16 /* RealModule */,
			);
			productName = FirstTeamApp;
			productReference = E3DDD4022C51335900803DC5 /* FirstTeamApp.app */;
			productType = "com.apple.product-type.application";
		};
/* End PBXNativeTarget section */

/* Begin PBXProject section */
		3E9F18432C3C3E6200766004 /* Project object */ = {
			isa = PBXProject;
			attributes = {
				BuildIndependentTargetsInParallel = 1;
				LastSwiftUpdateCheck = 1540;
				LastUpgradeCheck = 1540;
				TargetAttributes = {
					3E9F184A2C3C3E6200766004 = {
						CreatedOnToolsVersion = 15.4;
					};
				};
			};
			buildConfigurationList = 3E9F18462C3C3E6200766004 /* Build configuration list for PBXProject "FirstTeamApp" */;
			developmentRegion = en;
			hasScannedForEncodings = 0;
			knownRegions = (
				en,
				Base,
			);
			mainGroup = 3E9F18422C3C3E6200766004;
			packageReferences = (
				3E746C4E2C465F490047EAFB /* XCRemoteSwiftPackageReference "swift-collections" */,
				3E0317BE2C47C1A3006D2E16 /* XCRemoteSwiftPackageReference "swift-algorithms" */,
				3E0317C12C47C1AF006D2E16 /* XCRemoteSwiftPackageReference "swift-numerics" */,
			);
			preferredProjectObjectVersion = 73;
			productRefGroup = 3E9F18422C3C3E6200766004;
			projectDirPath = "";
			projectRoot = "";
			targets = (
				3E9F184A2C3C3E6200766004 /* FirstTeamApp */,
			);
		};
/* End PBXProject section */

/* Begin PBXResourcesBuildPhase section */
		3E9F18492C3C3E6200766004 /* Resources */ = {
			isa = PBXResourcesBuildPhase;
			buildActionMask = 2147483647;
			files = (
				3E9F185B2C3C3E6300766004 /* Assets.xcassets in Resources */,
				3E9F185E2C3C3E6300766004 /* Preview Assets.xcassets in Resources */,
				3EE8A87D2C513BA600599BC7 /* RealityKitContent in Resources */,
			);
			runOnlyForDeploymentPostprocessing = 0;
		};
/* End PBXResourcesBuildPhase section */

/* Begin PBXSourcesBuildPhase section */
		3E9F18472C3C3E6200766004 /* Sources */ = {
			isa = PBXSourcesBuildPhase;
			buildActionMask = 2147483647;
			files = (
				3E8DBCAD2C47B51600C54F1A /* SolidBrushComponent.swift in Sources */,
				3E53BAAE2C4FA11100EC4135 /* DrawingCanvasVisualizationView.swift in Sources */,
				3E746C5A2C4660230047EAFB /* MetalUtilities.swift in Sources */,
				3E53BAC82C4FAB7800EC4135 /* AnchorEntityInputProvider.swift in Sources */,
				3E53BAC42C4FAB4F00EC4135 /* DrawingDocument.swift in Sources */,
				3E8DBCA32C47B14E00C54F1A /* SparkleBrushCurvePoint.swift in Sources */,
				E3CAFFEB2C453880000624DE /* DashboardView.swift in Sources */,
				3E53BAD32C4FAC5E00EC4135 /* PreviewBrushView.swift in Sources */,
				3E53BAD42C4FAC5E00EC4135 /* DrawingMeshView.swift in Sources */,
				3E53BAD52C4FAC5E00EC4135 /* BrushState.swift in Sources */,
				3E53BAD62C4FAC5E00EC4135 /* PreviewBrushStroke.swift in Sources */,
				3E53BAD72C4FAC5E00EC4135 /* PaletteView.swift in Sources */,
				3E53BAD82C4FAC5E00EC4135 /* BrushTypeView.swift in Sources */,
				3E746C622C466F860047EAFB /* SmoothCurveSampler.swift in Sources */,
				3E53BAC62C4FAB6400EC4135 /* DrawingSource.swift in Sources */,
				3E0317CB2C47C86A006D2E16 /* SolidBrushVertex+LowLevelMesh.swift in Sources */,
				3E8DBCA52C47B1A300C54F1A /* SparkleBrushStyleProvider.swift in Sources */,
				3E53BAB22C4FA14C00EC4135 /* DrawingCanvasConfigurationView.swift in Sources */,
				3E8DBC9F2C47AEB100C54F1A /* SparkleBrushComponent.swift in Sources */,
				3E746C602C466B5A0047EAFB /* CurveSample.swift in Sources */,
				3E53BAB02C4FA12E00EC4135 /* DrawingCanvasPlacementView.swift in Sources */,
				3E0317C92C47C496006D2E16 /* CurveExtruderWithEndcaps.swift in Sources */,
				3E0317BB2C47BE74006D2E16 /* CurveProcessing.swift in Sources */,
				3E8DBCAF2C47B53200C54F1A /* SolidDrawingMeshGenerator.swift in Sources */,
				3E746C4D2C465EF30047EAFB /* SparkleDrawingMeshGenerator.swift in Sources */,
				3E9F18532C3C3E6200766004 /* FirstTeamAppApp.swift in Sources */,
				3E53BAB42C4FA16000EC4135 /* DrawingCanvas.swift in Sources */,
				3E8DBCA72C47B21F00C54F1A /* SparkleDrawingMeshGenerator+LowLevelMesh.swift in Sources */,
				3E746C5D2C46660C0047EAFB /* SolidBrushCurvePoint.swift in Sources */,
				3E746C642C46705F0047EAFB /* SolidBrushStyleProvider.swift in Sources */,
				E3CAFFFA2C4554AA000624DE /* SparkleBrushVertex+LowLevelMesh.swift in Sources */,
				E3CAFFFB2C4554AA000624DE /* SparkleBrushSimulation.metal in Sources */,
				3E8DBCAB2C47B39300C54F1A /* SparkleDrawingMeshGenerator+Simulation.swift in Sources */,
				3E8DBCB12C47B54C00C54F1A /* CurveExtruder.swift in Sources */,
				E3CAFFE32C453864000624DE /* MathUtilities.swift in Sources */,
			);
			runOnlyForDeploymentPostprocessing = 0;
		};
/* End PBXSourcesBuildPhase section */

/* Begin XCBuildConfiguration section */
		3E9F18602C3C3E6300766004 /* Debug */ = {
			isa = XCBuildConfiguration;
			buildSettings = {
				ALWAYS_SEARCH_USER_PATHS = NO;
				ASSETCATALOG_COMPILER_GENERATE_SWIFT_ASSET_SYMBOL_EXTENSIONS = YES;
				CLANG_ANALYZER_NONNULL = YES;
				CLANG_ANALYZER_NUMBER_OBJECT_CONVERSION = YES_AGGRESSIVE;
				CLANG_CXX_LANGUAGE_STANDARD = "gnu++20";
				CLANG_ENABLE_MODULES = YES;
				CLANG_ENABLE_OBJC_ARC = YES;
				CLANG_ENABLE_OBJC_WEAK = YES;
				CLANG_WARN_BLOCK_CAPTURE_AUTORELEASING = YES;
				CLANG_WARN_BOOL_CONVERSION = YES;
				CLANG_WARN_COMMA = YES;
				CLANG_WARN_CONSTANT_CONVERSION = YES;
				CLANG_WARN_DEPRECATED_OBJC_IMPLEMENTATIONS = YES;
				CLANG_WARN_DIRECT_OBJC_ISA_USAGE = YES_ERROR;
				CLANG_WARN_DOCUMENTATION_COMMENTS = YES;
				CLANG_WARN_EMPTY_BODY = YES;
				CLANG_WARN_ENUM_CONVERSION = YES;
				CLANG_WARN_INFINITE_RECURSION = YES;
				CLANG_WARN_INT_CONVERSION = YES;
				CLANG_WARN_NON_LITERAL_NULL_CONVERSION = YES;
				CLANG_WARN_OBJC_IMPLICIT_RETAIN_SELF = YES;
				CLANG_WARN_OBJC_LITERAL_CONVERSION = YES;
				CLANG_WARN_OBJC_ROOT_CLASS = YES_ERROR;
				CLANG_WARN_QUOTED_INCLUDE_IN_FRAMEWORK_HEADER = YES;
				CLANG_WARN_RANGE_LOOP_ANALYSIS = YES;
				CLANG_WARN_STRICT_PROTOTYPES = YES;
				CLANG_WARN_SUSPICIOUS_MOVE = YES;
				CLANG_WARN_UNGUARDED_AVAILABILITY = YES_AGGRESSIVE;
				CLANG_WARN_UNREACHABLE_CODE = YES;
				CLANG_WARN__DUPLICATE_METHOD_MATCH = YES;
				COPY_PHASE_STRIP = NO;
				DEBUG_INFORMATION_FORMAT = dwarf;
				ENABLE_STRICT_OBJC_MSGSEND = YES;
				ENABLE_TESTABILITY = YES;
				ENABLE_USER_SCRIPT_SANDBOXING = YES;
				GCC_C_LANGUAGE_STANDARD = gnu17;
				GCC_DYNAMIC_NO_PIC = NO;
				GCC_NO_COMMON_BLOCKS = YES;
				GCC_OPTIMIZATION_LEVEL = 0;
				GCC_PREPROCESSOR_DEFINITIONS = (
					"DEBUG=1",
					"$(inherited)",
				);
				GCC_WARN_64_TO_32_BIT_CONVERSION = YES;
				GCC_WARN_ABOUT_RETURN_TYPE = YES_ERROR;
				GCC_WARN_UNDECLARED_SELECTOR = YES;
				GCC_WARN_UNINITIALIZED_AUTOS = YES_AGGRESSIVE;
				GCC_WARN_UNUSED_FUNCTION = YES;
				GCC_WARN_UNUSED_VARIABLE = YES;
				LOCALIZATION_PREFERS_STRING_CATALOGS = YES;
				MTL_ENABLE_DEBUG_INFO = INCLUDE_SOURCE;
				MTL_FAST_MATH = YES;
				ONLY_ACTIVE_ARCH = YES;
				SDKROOT = xros;
				SWIFT_ACTIVE_COMPILATION_CONDITIONS = "DEBUG $(inherited)";
				SWIFT_OBJC_BRIDGING_HEADER = "$(SRCROOT)/FirstTeamApp/BridgingHeader.h";
				SWIFT_OPTIMIZATION_LEVEL = "-Onone";
				XROS_DEPLOYMENT_TARGET = 1.2;
			};
			name = Debug;
		};
		3E9F18612C3C3E6300766004 /* Release */ = {
			isa = XCBuildConfiguration;
			buildSettings = {
				ALWAYS_SEARCH_USER_PATHS = NO;
				ASSETCATALOG_COMPILER_GENERATE_SWIFT_ASSET_SYMBOL_EXTENSIONS = YES;
				CLANG_ANALYZER_NONNULL = YES;
				CLANG_ANALYZER_NUMBER_OBJECT_CONVERSION = YES_AGGRESSIVE;
				CLANG_CXX_LANGUAGE_STANDARD = "gnu++20";
				CLANG_ENABLE_MODULES = YES;
				CLANG_ENABLE_OBJC_ARC = YES;
				CLANG_ENABLE_OBJC_WEAK = YES;
				CLANG_WARN_BLOCK_CAPTURE_AUTORELEASING = YES;
				CLANG_WARN_BOOL_CONVERSION = YES;
				CLANG_WARN_COMMA = YES;
				CLANG_WARN_CONSTANT_CONVERSION = YES;
				CLANG_WARN_DEPRECATED_OBJC_IMPLEMENTATIONS = YES;
				CLANG_WARN_DIRECT_OBJC_ISA_USAGE = YES_ERROR;
				CLANG_WARN_DOCUMENTATION_COMMENTS = YES;
				CLANG_WARN_EMPTY_BODY = YES;
				CLANG_WARN_ENUM_CONVERSION = YES;
				CLANG_WARN_INFINITE_RECURSION = YES;
				CLANG_WARN_INT_CONVERSION = YES;
				CLANG_WARN_NON_LITERAL_NULL_CONVERSION = YES;
				CLANG_WARN_OBJC_IMPLICIT_RETAIN_SELF = YES;
				CLANG_WARN_OBJC_LITERAL_CONVERSION = YES;
				CLANG_WARN_OBJC_ROOT_CLASS = YES_ERROR;
				CLANG_WARN_QUOTED_INCLUDE_IN_FRAMEWORK_HEADER = YES;
				CLANG_WARN_RANGE_LOOP_ANALYSIS = YES;
				CLANG_WARN_STRICT_PROTOTYPES = YES;
				CLANG_WARN_SUSPICIOUS_MOVE = YES;
				CLANG_WARN_UNGUARDED_AVAILABILITY = YES_AGGRESSIVE;
				CLANG_WARN_UNREACHABLE_CODE = YES;
				CLANG_WARN__DUPLICATE_METHOD_MATCH = YES;
				COPY_PHASE_STRIP = NO;
				DEBUG_INFORMATION_FORMAT = "dwarf-with-dsym";
				ENABLE_NS_ASSERTIONS = NO;
				ENABLE_STRICT_OBJC_MSGSEND = YES;
				ENABLE_USER_SCRIPT_SANDBOXING = YES;
				GCC_C_LANGUAGE_STANDARD = gnu17;
				GCC_NO_COMMON_BLOCKS = YES;
				GCC_WARN_64_TO_32_BIT_CONVERSION = YES;
				GCC_WARN_ABOUT_RETURN_TYPE = YES_ERROR;
				GCC_WARN_UNDECLARED_SELECTOR = YES;
				GCC_WARN_UNINITIALIZED_AUTOS = YES_AGGRESSIVE;
				GCC_WARN_UNUSED_FUNCTION = YES;
				GCC_WARN_UNUSED_VARIABLE = YES;
				LOCALIZATION_PREFERS_STRING_CATALOGS = YES;
				MTL_ENABLE_DEBUG_INFO = NO;
				MTL_FAST_MATH = YES;
				SDKROOT = xros;
				SWIFT_COMPILATION_MODE = wholemodule;
				SWIFT_OBJC_BRIDGING_HEADER = "$(SRCROOT)/FirstTeamApp/BridgingHeader.h";
				VALIDATE_PRODUCT = YES;
				XROS_DEPLOYMENT_TARGET = 1.2;
			};
			name = Release;
		};
		3E9F18632C3C3E6300766004 /* Debug */ = {
			isa = XCBuildConfiguration;
			buildSettings = {
				ASSETCATALOG_COMPILER_APPICON_NAME = AppIcon;
				ASSETCATALOG_COMPILER_GLOBAL_ACCENT_COLOR_NAME = AccentColor;
				CODE_SIGN_STYLE = Automatic;
				CURRENT_PROJECT_VERSION = 1;
				DEVELOPMENT_ASSET_PATHS = "\"FirstTeamApp/Preview Content\"";
				DEVELOPMENT_TEAM = "";
				ENABLE_PREVIEWS = YES;
				GENERATE_INFOPLIST_FILE = YES;
				INFOPLIST_FILE = "$(TARGET_NAME)/Info.plist";
				INFOPLIST_KEY_CFBundleDisplayName = CLAY;
				INFOPLIST_KEY_LSApplicationCategoryType = "";
				LD_RUNPATH_SEARCH_PATHS = (
					"$(inherited)",
					"@executable_path/Frameworks",
				);
				MARKETING_VERSION = 1.0;
				PRODUCT_BUNDLE_IDENTIFIER = com.PapayaAirlines.FirstTeamApp;
				PRODUCT_NAME = "$(TARGET_NAME)";
				SUPPORTED_PLATFORMS = "xros xrsimulator";
				SWIFT_EMIT_LOC_STRINGS = YES;
				SWIFT_OBJC_BRIDGING_HEADER = "$(SRCROOT)/FirstTeamApp/BridgingHeader.h";
				SWIFT_VERSION = 5.0;
				TARGETED_DEVICE_FAMILY = "1,2,7";
				XROS_DEPLOYMENT_TARGET = 2.0;
			};
			name = Debug;
		};
		3E9F18642C3C3E6300766004 /* Release */ = {
			isa = XCBuildConfiguration;
			buildSettings = {
				ASSETCATALOG_COMPILER_APPICON_NAME = AppIcon;
				ASSETCATALOG_COMPILER_GLOBAL_ACCENT_COLOR_NAME = AccentColor;
				CODE_SIGN_STYLE = Automatic;
				CURRENT_PROJECT_VERSION = 1;
				DEVELOPMENT_ASSET_PATHS = "\"FirstTeamApp/Preview Content\"";
				DEVELOPMENT_TEAM = "";
				ENABLE_PREVIEWS = YES;
				GENERATE_INFOPLIST_FILE = YES;
				INFOPLIST_FILE = "$(TARGET_NAME)/Info.plist";
				INFOPLIST_KEY_CFBundleDisplayName = CLAY;
				INFOPLIST_KEY_LSApplicationCategoryType = "";
				LD_RUNPATH_SEARCH_PATHS = (
					"$(inherited)",
					"@executable_path/Frameworks",
				);
				MARKETING_VERSION = 1.0;
				PRODUCT_BUNDLE_IDENTIFIER = com.PapayaAirlines.FirstTeamApp;
				PRODUCT_NAME = "$(TARGET_NAME)";
				SUPPORTED_PLATFORMS = "xros xrsimulator";
				SWIFT_EMIT_LOC_STRINGS = YES;
				SWIFT_OBJC_BRIDGING_HEADER = "$(SRCROOT)/FirstTeamApp/BridgingHeader.h";
				SWIFT_VERSION = 5.0;
				TARGETED_DEVICE_FAMILY = "1,2,7";
				XROS_DEPLOYMENT_TARGET = 2.0;
			};
			name = Release;
		};
/* End XCBuildConfiguration section */

/* Begin XCConfigurationList section */
		3E9F18462C3C3E6200766004 /* Build configuration list for PBXProject "FirstTeamApp" */ = {
			isa = XCConfigurationList;
			buildConfigurations = (
				3E9F18602C3C3E6300766004 /* Debug */,
				3E9F18612C3C3E6300766004 /* Release */,
			);
			defaultConfigurationIsVisible = 0;
			defaultConfigurationName = Release;
		};
		3E9F18622C3C3E6300766004 /* Build configuration list for PBXNativeTarget "FirstTeamApp" */ = {
			isa = XCConfigurationList;
			buildConfigurations = (
				3E9F18632C3C3E6300766004 /* Debug */,
				3E9F18642C3C3E6300766004 /* Release */,
			);
			defaultConfigurationIsVisible = 0;
			defaultConfigurationName = Release;
		};
/* End XCConfigurationList section */

/* Begin XCRemoteSwiftPackageReference section */
		3E0317BE2C47C1A3006D2E16 /* XCRemoteSwiftPackageReference "swift-algorithms" */ = {
			isa = XCRemoteSwiftPackageReference;
			repositoryURL = "https://github.com/apple/swift-algorithms.git";
			requirement = {
				kind = upToNextMajorVersion;
				minimumVersion = 1.2.0;
			};
		};
		3E0317C12C47C1AF006D2E16 /* XCRemoteSwiftPackageReference "swift-numerics" */ = {
			isa = XCRemoteSwiftPackageReference;
			repositoryURL = "https://github.com/apple/swift-numerics.git";
			requirement = {
				kind = upToNextMajorVersion;
				minimumVersion = 1.0.2;
			};
		};
		3E746C4E2C465F490047EAFB /* XCRemoteSwiftPackageReference "swift-collections" */ = {
			isa = XCRemoteSwiftPackageReference;
			repositoryURL = "https://github.com/apple/swift-collections.git";
			requirement = {
				kind = upToNextMajorVersion;
				minimumVersion = 1.1.2;
			};
		};
/* End XCRemoteSwiftPackageReference section */

/* Begin XCSwiftPackageProductDependency section */
		3E0317BF2C47C1A3006D2E16 /* Algorithms */ = {
			isa = XCSwiftPackageProductDependency;
			package = 3E0317BE2C47C1A3006D2E16 /* XCRemoteSwiftPackageReference "swift-algorithms" */;
			productName = Algorithms;
		};
		3E0317C22C47C1AF006D2E16 /* ComplexModule */ = {
			isa = XCSwiftPackageProductDependency;
			package = 3E0317C12C47C1AF006D2E16 /* XCRemoteSwiftPackageReference "swift-numerics" */;
			productName = ComplexModule;
		};
		3E0317C42C47C1AF006D2E16 /* Numerics */ = {
			isa = XCSwiftPackageProductDependency;
			package = 3E0317C12C47C1AF006D2E16 /* XCRemoteSwiftPackageReference "swift-numerics" */;
			productName = Numerics;
		};
		3E0317C62C47C1AF006D2E16 /* RealModule */ = {
			isa = XCSwiftPackageProductDependency;
			package = 3E0317C12C47C1AF006D2E16 /* XCRemoteSwiftPackageReference "swift-numerics" */;
			productName = RealModule;
		};
		3E746C4F2C465F490047EAFB /* BitCollections */ = {
			isa = XCSwiftPackageProductDependency;
			package = 3E746C4E2C465F490047EAFB /* XCRemoteSwiftPackageReference "swift-collections" */;
			productName = BitCollections;
		};
		3E746C512C465F490047EAFB /* Collections */ = {
			isa = XCSwiftPackageProductDependency;
			package = 3E746C4E2C465F490047EAFB /* XCRemoteSwiftPackageReference "swift-collections" */;
			productName = Collections;
		};
		3E746C532C465F490047EAFB /* DequeModule */ = {
			isa = XCSwiftPackageProductDependency;
			package = 3E746C4E2C465F490047EAFB /* XCRemoteSwiftPackageReference "swift-collections" */;
			productName = DequeModule;
		};
		3E746C552C465F490047EAFB /* HashTreeCollections */ = {
			isa = XCSwiftPackageProductDependency;
			package = 3E746C4E2C465F490047EAFB /* XCRemoteSwiftPackageReference "swift-collections" */;
			productName = HashTreeCollections;
		};
		3E746C572C465F490047EAFB /* HeapModule */ = {
			isa = XCSwiftPackageProductDependency;
			package = 3E746C4E2C465F490047EAFB /* XCRemoteSwiftPackageReference "swift-collections" */;
			productName = HeapModule;
		};
		3E9F18502C3C3E6200766004 /* RealityKitContent */ = {
			isa = XCSwiftPackageProductDependency;
			productName = RealityKitContent;
		};
/* End XCSwiftPackageProductDependency section */
	};
	rootObject = 3E9F18432C3C3E6200766004 /* Project object */;
}
